{
    "name": "jsondemo",
    "version": "1.0.1",
    "lockfileVersion": 2,
    "requires": true,
    "packages": {
        "": {
            "name": "jsondemo",
            "version": "1.0.1",
            "license": "ISC",
            "dependencies": {
                "jsondemo": "^1.0.1"
            },
            "bin": {
                "lucking": "utils/test.js"
            }
        },
        "node_modules/jsondemo": {
            "version": "1.0.1",
            "resolved": "https://registry.npmjs.org/jsondemo/-/jsondemo-1.0.1.tgz",
            "integrity": "sha512-hlKAWUXE3DE4V1LUhJrXcvT984Fs3qgV7Y393jqkyjPiiTzKAb1DDT3HhM0jzo7eVaB/SE9EYY2vyy/1T/aT1g==",
            "bin": {
                "lucking": "utils/test.js"
            }
        }
    },
    "dependencies": {
        "jsondemo": {
            "version": "1.0.1",
            "resolved": "https://registry.npmjs.org/jsondemo/-/jsondemo-1.0.1.tgz",
            "integrity": "sha512-hlKAWUXE3DE4V1LUhJrXcvT984Fs3qgV7Y393jqkyjPiiTzKAb1DDT3HhM0jzo7eVaB/SE9EYY2vyy/1T/aT1g=="
        }
    }
}
